
Microsoft Visual Studio Solution File, Format Version 12.00
# Visual Studio Version 16
VisualStudioVersion = 16.0.31229.75
MinimumVisualStudioVersion = 10.0.40219.1
Project("{FAE04EC0-301F-11D3-BF4B-00C04F79EFBC}") = "FruitsAndFlowers.Android", "FruitsAndFlowers.Android\FruitsAndFlowers.Android.csproj", "{3C707245-1EB9-4C1E-9FDD-B22452533443}"
EndProject
Project("{FAE04EC0-301F-11D3-BF4B-00C04F79EFBC}") = "FruitsAndFlowers.iOS", "FruitsAndFlowers.iOS\FruitsAndFlowers.iOS.csproj", "{23A69441-4DFB-4A1C-9BCF-323C1BE370CA}"
EndProject
Project("{FAE04EC0-301F-11D3-BF4B-00C04F79EFBC}") = "FruitsAndFlowers", "FruitsAndFlowers\FruitsAndFlowers.csproj", "{2A201CFA-5615-4428-ADA0-F30DB8DD6491}"
EndProject
Global
	GlobalSection(SolutionConfigurationPlatforms) = preSolution
		Debug|Any CPU = Debug|Any CPU
		Debug|iPhone = Debug|iPhone
		Debug|iPhoneSimulator = Debug|iPhoneSimulator
		Release|Any CPU = Release|Any CPU
		Release|iPhone = Release|iPhone
		Release|iPhoneSimulator = Release|iPhoneSimulator
	EndGlobalSection
	GlobalSection(ProjectConfigurationPlatforms) = postSolution
		{3C707245-1EB9-4C1E-9FDD-B22452533443}.Debug|Any CPU.ActiveCfg = Debug|Any CPU
		{3C707245-1EB9-4C1E-9FDD-B22452533443}.Debug|Any CPU.Build.0 = Debug|Any CPU
		{3C707245-1EB9-4C1E-9FDD-B22452533443}.Debug|Any CPU.Deploy.0 = Debug|Any CPU
		{3C707245-1EB9-4C1E-9FDD-B22452533443}.Debug|iPhone.ActiveCfg = Debug|Any CPU
		{3C707245-1EB9-4C1E-9FDD-B22452533443}.Debug|iPhone.Build.0 = Debug|Any CPU
		{3C707245-1EB9-4C1E-9FDD-B22452533443}.Debug|iPhone.Deploy.0 = Debug|Any CPU
		{3C707245-1EB9-4C1E-9FDD-B22452533443}.Debug|iPhoneSimulator.ActiveCfg = Debug|Any CPU
		{3C707245-1EB9-4C1E-9FDD-B22452533443}.Debug|iPhoneSimulator.Build.0 = Debug|Any CPU
		{3C707245-1EB9-4C1E-9FDD-B22452533443}.Debug|iPhoneSimulator.Deploy.0 = Debug|Any CPU
		{3C707245-1EB9-4C1E-9FDD-B22452533443}.Release|Any CPU.ActiveCfg = Release|Any CPU
		{3C707245-1EB9-4C1E-9FDD-B22452533443}.Release|Any CPU.Build.0 = Release|Any CPU
		{3C707245-1EB9-4C1E-9FDD-B22452533443}.Release|Any CPU.Deploy.0 = Release|Any CPU
		{3C707245-1EB9-4C1E-9FDD-B22452533443}.Release|iPhone.ActiveCfg = Release|Any CPU
		{3C707245-1EB9-4C1E-9FDD-B22452533443}.Release|iPhone.Build.0 = Release|Any CPU
		{3C707245-1EB9-4C1E-9FDD-B22452533443}.Release|iPhone.Deploy.0 = Release|Any CPU
		{3C707245-1EB9-4C1E-9FDD-B22452533443}.Release|iPhoneSimulator.ActiveCfg = Release|Any CPU
		{3C707245-1EB9-4C1E-9FDD-B22452533443}.Release|iPhoneSimulator.Build.0 = Release|Any CPU
		{3C707245-1EB9-4C1E-9FDD-B22452533443}.Release|iPhoneSimulator.Deploy.0 = Release|Any CPU
		{23A69441-4DFB-4A1C-9BCF-323C1BE370CA}.Debug|Any CPU.ActiveCfg = Debug|iPhone
		{23A69441-4DFB-4A1C-9BCF-323C1BE370CA}.Debug|Any CPU.Build.0 = Debug|iPhone
		{23A69441-4DFB-4A1C-9BCF-323C1BE370CA}.Debug|Any CPU.Deploy.0 = Debug|iPhone
		{23A69441-4DFB-4A1C-9BCF-323C1BE370CA}.Debug|iPhone.ActiveCfg = Debug|iPhone
		{23A69441-4DFB-4A1C-9BCF-323C1BE370CA}.Debug|iPhone.Build.0 = Debug|iPhone
		{23A69441-4DFB-4A1C-9BCF-323C1BE370CA}.Debug|iPhone.Deploy.0 = Debug|iPhone
		{23A69441-4DFB-4A1C-9BCF-323C1BE370CA}.Debug|iPhoneSimulator.ActiveCfg = Debug|iPhoneSimulator
		{23A69441-4DFB-4A1C-9BCF-323C1BE370CA}.Debug|iPhoneSimulator.Build.0 = Debug|iPhoneSimulator
		{23A69441-4DFB-4A1C-9BCF-323C1BE370CA}.Debug|iPhoneSimulator.Deploy.0 = Debug|iPhoneSimulator
		{23A69441-4DFB-4A1C-9BCF-323C1BE370CA}.Release|Any CPU.ActiveCfg = Release|iPhoneSimulator
		{23A69441-4DFB-4A1C-9BCF-323C1BE370CA}.Release|Any CPU.Build.0 = Release|iPhoneSimulator
		{23A69441-4DFB-4A1C-9BCF-323C1BE370CA}.Release|Any CPU.Deploy.0 = Release|iPhoneSimulator
		{23A69441-4DFB-4A1C-9BCF-323C1BE370CA}.Release|iPhone.ActiveCfg = Release|iPhone
		{23A69441-4DFB-4A1C-9BCF-323C1BE370CA}.Release|iPhone.Build.0 = Release|iPhone
		{23A69441-4DFB-4A1C-9BCF-323C1BE370CA}.Release|iPhone.Deploy.0 = Release|iPhone
		{23A69441-4DFB-4A1C-9BCF-323C1BE370CA}.Release|iPhoneSimulator.ActiveCfg = Release|iPhoneSimulator
		{23A69441-4DFB-4A1C-9BCF-323C1BE370CA}.Release|iPhoneSimulator.Build.0 = Release|iPhoneSimulator
		{23A69441-4DFB-4A1C-9BCF-323C1BE370CA}.Release|iPhoneSimulator.Deploy.0 = Release|iPhoneSimulator
		{2A201CFA-5615-4428-ADA0-F30DB8DD6491}.Debug|Any CPU.ActiveCfg = Debug|Any CPU
		{2A201CFA-5615-4428-ADA0-F30DB8DD6491}.Debug|Any CPU.Build.0 = Debug|Any CPU
		{2A201CFA-5615-4428-ADA0-F30DB8DD6491}.Debug|Any CPU.Deploy.0 = Debug|Any CPU
		{2A201CFA-5615-4428-ADA0-F30DB8DD6491}.Debug|iPhone.ActiveCfg = Debug|Any CPU
		{2A201CFA-5615-4428-ADA0-F30DB8DD6491}.Debug|iPhone.Build.0 = Debug|Any CPU
		{2A201CFA-5615-4428-ADA0-F30DB8DD6491}.Debug|iPhone.Deploy.0 = Debug|Any CPU
		{2A201CFA-5615-4428-ADA0-F30DB8DD6491}.Debug|iPhoneSimulator.ActiveCfg = Debug|Any CPU
		{2A201CFA-5615-4428-ADA0-F30DB8DD6491}.Debug|iPhoneSimulator.Build.0 = Debug|Any CPU
		{2A201CFA-5615-4428-ADA0-F30DB8DD6491}.Debug|iPhoneSimulator.Deploy.0 = Debug|Any CPU
		{2A201CFA-5615-4428-ADA0-F30DB8DD6491}.Release|Any CPU.ActiveCfg = Release|Any CPU
		{2A201CFA-5615-4428-ADA0-F30DB8DD6491}.Release|Any CPU.Build.0 = Release|Any CPU
		{2A201CFA-5615-4428-ADA0-F30DB8DD6491}.Release|Any CPU.Deploy.0 = Release|Any CPU
		{2A201CFA-5615-4428-ADA0-F30DB8DD6491}.Release|iPhone.ActiveCfg = Release|Any CPU
		{2A201CFA-5615-4428-ADA0-F30DB8DD6491}.Release|iPhone.Build.0 = Release|Any CPU
		{2A201CFA-5615-4428-ADA0-F30DB8DD6491}.Release|iPhone.Deploy.0 = Release|Any CPU
		{2A201CFA-5615-4428-ADA0-F30DB8DD6491}.Release|iPhoneSimulator.ActiveCfg = Release|Any CPU
		{2A201CFA-5615-4428-ADA0-F30DB8DD6491}.Release|iPhoneSimulator.Build.0 = Release|Any CPU
		{2A201CFA-5615-4428-ADA0-F30DB8DD6491}.Release|iPhoneSimulator.Deploy.0 = Release|Any CPU
	EndGlobalSection
	GlobalSection(SolutionProperties) = preSolution
		HideSolutionNode = FALSE
	EndGlobalSection
	GlobalSection(ExtensibilityGlobals) = postSolution
		SolutionGuid = {031DE3D6-79F8-4A61-98A2-3782C16F146D}
	EndGlobalSection
EndGlobal
